
Microsoft Visual Studio Solution File, Format Version 12.00
# Visual Studio Version 16
VisualStudioVersion = 16.0.29920.165
MinimumVisualStudioVersion = 10.0.40219.1
Project("{FAE04EC0-301F-11D3-BF4B-00C04F79EFBC}") = "Horience", "Horience\Horience.csproj", "{73FE2B5D-2158-4A1C-B841-4D3069EEA58B}"
EndProject
Global
	GlobalSection(SolutionConfigurationPlatforms) = preSolution
		Debug|Any CPU = Debug|Any CPU
		Release|Any CPU = Release|Any CPU
	EndGlobalSection
	GlobalSection(ProjectConfigurationPlatforms) = postSolution
		{73FE2B5D-2158-4A1C-B841-4D3069EEA58B}.Debug|Any CPU.ActiveCfg = Debug|Any CPU
		{73FE2B5D-2158-4A1C-B841-4D3069EEA58B}.Debug|Any CPU.Build.0 = Debug|Any CPU
		{73FE2B5D-2158-4A1C-B841-4D3069EEA58B}.Release|Any CPU.ActiveCfg = Release|Any CPU
		{73FE2B5D-2158-4A1C-B841-4D3069EEA58B}.Release|Any CPU.Build.0 = Release|Any CPU
	EndGlobalSection
	GlobalSection(SolutionProperties) = preSolution
		HideSolutionNode = FALSE
	EndGlobalSection
	GlobalSection(ExtensibilityGlobals) = postSolution
		SolutionGuid = {8DBE8B65-8817-43CF-8D39-221D88604AA8}
	EndGlobalSection
EndGlobal
